
Microsoft Visual Studio Solution File, Format Version 12.00
# Visual Studio Version 16
VisualStudioVersion = 16.0.29613.14
MinimumVisualStudioVersion = 10.0.40219.1
Project("{FAE04EC0-301F-11D3-BF4B-00C04F79EFBC}") = "OsuAuthBypass", "osuAuthBypass\OsuAuthBypass.csproj", "{FD9C425D-3C16-4013-8C09-9F70830CBBE3}"
EndProject
Global
	GlobalSection(SolutionConfigurationPlatforms) = preSolution
		Debug|Any CPU = Debug|Any CPU
		Release|Any CPU = Release|Any CPU
	EndGlobalSection
	GlobalSection(ProjectConfigurationPlatforms) = postSolution
		{FD9C425D-3C16-4013-8C09-9F70830CBBE3}.Debug|Any CPU.ActiveCfg = Debug|Any CPU
		{FD9C425D-3C16-4013-8C09-9F70830CBBE3}.Debug|Any CPU.Build.0 = Debug|Any CPU
		{FD9C425D-3C16-4013-8C09-9F70830CBBE3}.Release|Any CPU.ActiveCfg = Release|Any CPU
		{FD9C425D-3C16-4013-8C09-9F70830CBBE3}.Release|Any CPU.Build.0 = Release|Any CPU
	EndGlobalSection
	GlobalSection(SolutionProperties) = preSolution
		HideSolutionNode = FALSE
	EndGlobalSection
	GlobalSection(ExtensibilityGlobals) = postSolution
		SolutionGuid = {148C9CFC-2392-42DB-A530-67A4EF8F5E91}
	EndGlobalSection
EndGlobal
